
Microsoft Visual Studio Solution File, Format Version 12.00
# Visual Studio Version 16
VisualStudioVersion = 16.0.31402.337
MinimumVisualStudioVersion = 10.0.40219.1
Project("{FAE04EC0-301F-11D3-BF4B-00C04F79EFBC}") = "CreditSuisse", "CreditSuisse\CreditSuisse.csproj", "{D513DE90-B3EE-450D-83CC-21261323999A}"
EndProject
Global
	GlobalSection(SolutionConfigurationPlatforms) = preSolution
		Debug|Any CPU = Debug|Any CPU
		Release|Any CPU = Release|Any CPU
	EndGlobalSection
	GlobalSection(ProjectConfigurationPlatforms) = postSolution
		{D513DE90-B3EE-450D-83CC-21261323999A}.Debug|Any CPU.ActiveCfg = Debug|Any CPU
		{D513DE90-B3EE-450D-83CC-21261323999A}.Debug|Any CPU.Build.0 = Debug|Any CPU
		{D513DE90-B3EE-450D-83CC-21261323999A}.Release|Any CPU.ActiveCfg = Release|Any CPU
		{D513DE90-B3EE-450D-83CC-21261323999A}.Release|Any CPU.Build.0 = Release|Any CPU
	EndGlobalSection
	GlobalSection(SolutionProperties) = preSolution
		HideSolutionNode = FALSE
	EndGlobalSection
	GlobalSection(ExtensibilityGlobals) = postSolution
		SolutionGuid = {C7CEE553-9920-4E6D-B30C-B8D9FBAABFB2}
	EndGlobalSection
EndGlobal
